<?xml version="1.0" encoding="utf-8"?>
<Project ToolsVersion="4.0" xmlns="http://schemas.microsoft.com/developer/msbuild/2003">
  <ItemGroup>
    <Filter Include="Source Files">
      <UniqueIdentifier>{4FC737F1-C7A5-4376-A066-2A32D752A2FF}</UniqueIdentifier>
      <Extensions>cpp;c;cc;cxx;def;odl;idl;hpj;bat;asm;asmx</Extensions>
    </Filter>
    <Filter Include="Header Files">
      <UniqueIdentifier>{93995380-89BD-4b04-88EB-625FBE52EBFB}</UniqueIdentifier>
      <Extensions>h;hh;hpp;hxx;hm;inl;inc;ipp;xsd</Extensions>
    </Filter>
    <Filter Include="Resource Files">
      <UniqueIdentifier>{67DA6AB6-F800-4c08-8B7A-83BB121AAD01}</UniqueIdentifier>
      <Extensions>rc;ico;cur;bmp;dlg;rc2;rct;bin;rgs;gif;jpg;jpeg;jpe;resx;tiff;tif;png;wav;mfcribbon-ms</Extensions>
    </Filter>
    <Filter Include="Header Files\Windows">
      <UniqueIdentifier>{8b1f1fc6-f249-4789-8cd3-a844d48fe3a6}</UniqueIdentifier>
    </Filter>
    <Filter Include="Source Files\Windows">
      <UniqueIdentifier>{1cf418e9-e0d5-4e62-aaf7-37edfb5bb059}</UniqueIdentifier>
    </Filter>
    <Filter Include="Header Files\Windows\Window">
      <UniqueIdentifier>{1b5bf427-73a1-4d1a-8900-0fcfabb5cf34}</UniqueIdentifier>
    </Filter>
    <Filter Include="Header Files\Windows\Input">
      <UniqueIdentifier>{41f0e10c-00fa-488f-a2af-a47eec924bd8}</UniqueIdentifier>
    </Filter>
    <Filter Include="Source Files\Windows\Input">
      <UniqueIdentifier>{df489dca-6cdd-4731-98ac-2181be4f23b7}</UniqueIdentifier>
    </Filter>
    <Filter Include="Source Files\Windows\Window">
      <UniqueIdentifier>{0120cec3-d6b1-466e-8be9-02972b84e5e5}</UniqueIdentifier>
    </Filter>
    <Filter Include="Header Files\Application">
      <UniqueIdentifier>{570855c5-a362-4d6a-af07-225e512f13b5}</UniqueIdentifier>
    </Filter>
    <Filter Include="Source Files\Application">
      <UniqueIdentifier>{96bc9834-bfd6-4356-9d5f-d0808c82b4ae}</UniqueIdentifier>
    </Filter>
    <Filter Include="Header Files\Debug">
      <UniqueIdentifier>{8ec2f192-e5ec-4688-9c4c-28cbccadce92}</UniqueIdentifier>
    </Filter>
    <Filter Include="Source Files\Debug">
      <UniqueIdentifier>{58bd7acf-5099-4587-9bd2-b866a5121eee}</UniqueIdentifier>
    </Filter>
    <Filter Include="Header Files\Graphics">
      <UniqueIdentifier>{d34fdb6c-5b5f-4ff2-8110-c9692c9b064a}</UniqueIdentifier>
    </Filter>
    <Filter Include="Header Files\Graphics\D3D">
      <UniqueIdentifier>{ab0ce87e-adde-4272-a50e-2eb1abef28bd}</UniqueIdentifier>
    </Filter>
    <Filter Include="Source Files\Graphics">
      <UniqueIdentifier>{fbc122a5-5a84-4d54-9dfe-d54cb160311a}</UniqueIdentifier>
    </Filter>
    <Filter Include="DXErr">
      <UniqueIdentifier>{5a16c8c7-432e-47f1-9746-315cb01162d4}</UniqueIdentifier>
    </Filter>
    <Filter Include="Shaders">
      <UniqueIdentifier>{951174a7-fffa-45d9-8f63-eea38aee9f9d}</UniqueIdentifier>
    </Filter>
    <Filter Include="Header Files\IMGUI">
      <UniqueIdentifier>{af9158fe-13d4-4137-b2ad-95f6df414cfd}</UniqueIdentifier>
    </Filter>
    <Filter Include="Source Files\IMGUI">
      <UniqueIdentifier>{4b0d661b-1fdf-4a92-ad7b-764160a447b4}</UniqueIdentifier>
    </Filter>
    <Filter Include="IMGUI">
      <UniqueIdentifier>{08ec75db-7ffa-4285-8c21-98248b6c0cbf}</UniqueIdentifier>
    </Filter>
    <Filter Include="IMGUI\examples">
      <UniqueIdentifier>{d615fd08-eae9-4456-bb86-15ac00204dce}</UniqueIdentifier>
    </Filter>
    <Filter Include="Header Files\Application\App">
      <UniqueIdentifier>{f212fff0-8f01-4a7e-b3ca-36828a0f6038}</UniqueIdentifier>
    </Filter>
    <Filter Include="Source Files\Application\App">
      <UniqueIdentifier>{971a61e0-13d2-465c-8fa8-1ac28eecf0f8}</UniqueIdentifier>
    </Filter>
    <Filter Include="Source Files\Scenario">
      <UniqueIdentifier>{07229560-96f3-47e1-b206-912d66ecf908}</UniqueIdentifier>
    </Filter>
    <Filter Include="Header Files\Scenario">
      <UniqueIdentifier>{fd2e8d49-2394-4cae-a619-fb2f037ad423}</UniqueIdentifier>
    </Filter>
    <Filter Include="Header Files\Memory">
      <UniqueIdentifier>{9c16fbd3-4d34-4cea-8868-865a89871e95}</UniqueIdentifier>
    </Filter>
    <Filter Include="Source Files\Memory">
      <UniqueIdentifier>{73bb53b8-23ae-472b-b2e6-5c34e7b0a988}</UniqueIdentifier>
    </Filter>
    <Filter Include="Header Files\Memory\Allocators">
      <UniqueIdentifier>{9afd4978-05eb-4019-a524-bb638e7f1387}</UniqueIdentifier>
    </Filter>
    <Filter Include="Source Files\Memory\Allocators">
      <UniqueIdentifier>{cbff3239-5af9-4e94-b40a-ded79a90074a}</UniqueIdentifier>
    </Filter>
    <Filter Include="Header Files\IMGUI\Windows">
      <UniqueIdentifier>{569a82a4-7d0d-4ee5-9a83-0adda5da47d1}</UniqueIdentifier>
    </Filter>
    <Filter Include="Source Files\IMGUI\Windows">
      <UniqueIdentifier>{f59a6e2f-0aaa-4760-8300-8727d2971798}</UniqueIdentifier>
    </Filter>
    <Filter Include="Header Files\Time">
      <UniqueIdentifier>{99a24a00-95ba-4e04-9f01-2579339168da}</UniqueIdentifier>
    </Filter>
    <Filter Include="Source Files\Time">
      <UniqueIdentifier>{1a8a1a94-9c06-413c-b2a3-d7a155e355af}</UniqueIdentifier>
    </Filter>
    <Filter Include="Source Files\Scenario\Scenarios">
      <UniqueIdentifier>{d3735ddb-42ee-4780-91f0-7a6039922029}</UniqueIdentifier>
    </Filter>
    <Filter Include="Header Files\Scenario\Scenarios">
      <UniqueIdentifier>{78f560f4-e3f4-4f3f-b1c3-932b97ff789f}</UniqueIdentifier>
    </Filter>
    <Filter Include="Header Files\Performance">
      <UniqueIdentifier>{05a4f06b-d228-4ef7-a85d-c1da65000e09}</UniqueIdentifier>
    </Filter>
    <Filter Include="Source Files\Performance">
      <UniqueIdentifier>{e68abf57-39ad-49bd-bc70-1796c06262ab}</UniqueIdentifier>
    </Filter>
  </ItemGroup>
  <ItemGroup>
    <ClCompile Include="src\main.cpp">
      <Filter>Source Files</Filter>
    </ClCompile>
    <ClCompile Include="src\WindowsMessageMap.cpp">
      <Filter>Source Files\Windows</Filter>
    </ClCompile>
    <ClCompile Include="src\Window.cpp">
      <Filter>Source Files\Windows\Window</Filter>
    </ClCompile>
    <ClCompile Include="src\Keyboard.cpp">
      <Filter>Source Files\Windows\Input</Filter>
    </ClCompile>
    <ClCompile Include="src\Mouse.cpp">
      <Filter>Source Files\Windows\Input</Filter>
    </ClCompile>
    <ClCompile Include="src\Exception.cpp">
      <Filter>Source Files\Debug</Filter>
    </ClCompile>
    <ClCompile Include="src\D3DRenderer.cpp">
      <Filter>Source Files\Graphics</Filter>
    </ClCompile>
    <ClCompile Include="src\dxerr.cpp">
      <Filter>DXErr</Filter>
    </ClCompile>
    <ClCompile Include="src\D3D.cpp">
      <Filter>Source Files\Graphics</Filter>
    </ClCompile>
    <ClCompile Include="src\DXGI_Info_Man.cpp">
      <Filter>Source Files\Graphics</Filter>
    </ClCompile>
    <ClCompile Include="src\IMGUIInterface.cpp">
      <Filter>Source Files\IMGUI</Filter>
    </ClCompile>
    <ClCompile Include="src\Debug.cpp">
      <Filter>Source Files\Debug</Filter>
    </ClCompile>
    <ClCompile Include="imgui-master\imgui.cpp">
      <Filter>IMGUI</Filter>
    </ClCompile>
    <ClCompile Include="imgui-master\imgui_draw.cpp">
      <Filter>IMGUI</Filter>
    </ClCompile>
    <ClCompile Include="imgui-master\imgui_widgets.cpp">
      <Filter>IMGUI</Filter>
    </ClCompile>
    <ClCompile Include="imgui-master\examples\imgui_impl_dx11.cpp">
      <Filter>IMGUI\examples</Filter>
    </ClCompile>
    <ClCompile Include="imgui-master\examples\imgui_impl_win32.cpp">
      <Filter>IMGUI\examples</Filter>
    </ClCompile>
    <ClCompile Include="src\WinApp.cpp">
      <Filter>Source Files\Application\App</Filter>
    </ClCompile>
    <ClCompile Include="src\MemoryApp.cpp">
      <Filter>Source Files\Application\App</Filter>
    </ClCompile>
    <ClCompile Include="src\AllocatorBase.cpp">
      <Filter>Source Files\Memory\Allocators</Filter>
    </ClCompile>
    <ClCompile Include="src\ScenarioManager.cpp">
      <Filter>Source Files\Scenario</Filter>
    </ClCompile>
    <ClCompile Include="src\IMGUIWindow.cpp">
      <Filter>Source Files\IMGUI\Windows</Filter>
    </ClCompile>
    <ClCompile Include="src\LogWindow.cpp">
      <Filter>Source Files\IMGUI\Windows</Filter>
    </ClCompile>
    <ClCompile Include="src\PerformanceCounterWindow.cpp">
      <Filter>Source Files\IMGUI\Windows</Filter>
    </ClCompile>
    <ClCompile Include="src\Timer.cpp">
      <Filter>Source Files\Time</Filter>
    </ClCompile>
    <ClCompile Include="src\GlobalTime.cpp">
      <Filter>Source Files\Time</Filter>
    </ClCompile>
    <ClCompile Include="src\ScenarioWindow.cpp">
      <Filter>Source Files\IMGUI\Windows</Filter>
    </ClCompile>
    <ClCompile Include="src\ResourceLoadingScenario.cpp">
      <Filter>Source Files\Scenario\Scenarios</Filter>
    </ClCompile>
    <ClCompile Include="src\ParticleSystemScenario.cpp">
      <Filter>Source Files\Scenario\Scenarios</Filter>
    </ClCompile>
    <ClCompile Include="src\MemoryManager.cpp">
      <Filter>Source Files\Memory</Filter>
    </ClCompile>
    <ClCompile Include="src\MemSys.cpp">
      <Filter>Source Files\Memory</Filter>
    </ClCompile>
    <ClCompile Include="src\Heap.cpp">
      <Filter>Source Files\Memory\Allocators</Filter>
    </ClCompile>
    <ClCompile Include="src\PerformanceCounter.cpp">
      <Filter>Source Files\Performance</Filter>
    </ClCompile>
    <ClCompile Include="src\VertexDataProcessingScenario.cpp">
      <Filter>Source Files\Scenario\Scenarios</Filter>
    </ClCompile>
    <ClCompile Include="src\StackAllocator.cpp">
      <Filter>Source Files\Memory\Allocators</Filter>
    </ClCompile>
    <ClCompile Include="src\LinearAllocator.cpp">
      <Filter>Source Files\Memory</Filter>
    </ClCompile>
    <ClCompile Include="src\Profiler.cpp">
      <Filter>Source Files\Debug</Filter>
    </ClCompile>
    <ClCompile Include="src\ProfilerWindow.cpp">
      <Filter>Source Files\IMGUI\Windows</Filter>
    </ClCompile>
  </ItemGroup>
  <ItemGroup>
    <ClInclude Include="include\WindowsMessageMap.h">
      <Filter>Header Files\Windows</Filter>
    </ClInclude>
    <ClInclude Include="include\Win.h">
      <Filter>Header Files\Windows</Filter>
    </ClInclude>
    <ClInclude Include="include\Common.h">
      <Filter>Header Files</Filter>
    </ClInclude>
    <ClInclude Include="include\resource.h">
      <Filter>Header Files</Filter>
    </ClInclude>
    <ClInclude Include="include\Window.h">
      <Filter>Header Files\Windows\Window</Filter>
    </ClInclude>
    <ClInclude Include="include\Keyboard.h">
      <Filter>Header Files\Windows\Input</Filter>
    </ClInclude>
    <ClInclude Include="include\WindowsKeyCode.h">
      <Filter>Header Files\Windows\Input</Filter>
    </ClInclude>
    <ClInclude Include="include\Mouse.h">
      <Filter>Header Files\Windows\Input</Filter>
    </ClInclude>
    <ClInclude Include="include\Exception.h">
      <Filter>Header Files\Debug</Filter>
    </ClInclude>
    <ClInclude Include="include\Renderer.h">
      <Filter>Header Files\Application</Filter>
    </ClInclude>
    <ClInclude Include="include\D3DRenderer.h">
      <Filter>Header Files\Graphics\D3D</Filter>
    </ClInclude>
    <ClInclude Include="include\dxerr.h">
      <Filter>DXErr</Filter>
    </ClInclude>
    <ClInclude Include="include\D3D.h">
      <Filter>Header Files\Graphics\D3D</Filter>
    </ClInclude>
    <ClInclude Include="include\DXGI_Info_Man.h">
      <Filter>Header Files\Graphics\D3D</Filter>
    </ClInclude>
    <ClInclude Include="include\IMGUIInterface.h">
      <Filter>Header Files\IMGUI</Filter>
    </ClInclude>
    <ClInclude Include="include\Debug.h">
      <Filter>Header Files\Debug</Filter>
    </ClInclude>
    <ClInclude Include="imgui-master\imconfig.h">
      <Filter>IMGUI</Filter>
    </ClInclude>
    <ClInclude Include="imgui-master\imgui.h">
      <Filter>IMGUI</Filter>
    </ClInclude>
    <ClInclude Include="imgui-master\imgui_internal.h">
      <Filter>IMGUI</Filter>
    </ClInclude>
    <ClInclude Include="imgui-master\imstb_rectpack.h">
      <Filter>IMGUI</Filter>
    </ClInclude>
    <ClInclude Include="imgui-master\imstb_textedit.h">
      <Filter>IMGUI</Filter>
    </ClInclude>
    <ClInclude Include="imgui-master\imstb_truetype.h">
      <Filter>IMGUI</Filter>
    </ClInclude>
    <ClInclude Include="imgui-master\examples\imgui_impl_dx11.h">
      <Filter>IMGUI\examples</Filter>
    </ClInclude>
    <ClInclude Include="imgui-master\examples\imgui_impl_win32.h">
      <Filter>IMGUI\examples</Filter>
    </ClInclude>
    <ClInclude Include="include\App.h">
      <Filter>Header Files\Application\App</Filter>
    </ClInclude>
    <ClInclude Include="include\WinApp.h">
      <Filter>Header Files\Application\App</Filter>
    </ClInclude>
    <ClInclude Include="include\MemoryApp.h">
      <Filter>Header Files\Application\App</Filter>
    </ClInclude>
    <ClInclude Include="include\Scenario.h">
      <Filter>Header Files\Scenario</Filter>
    </ClInclude>
    <ClInclude Include="include\AllocatorBase.h">
      <Filter>Header Files\Memory\Allocators</Filter>
    </ClInclude>
    <ClInclude Include="include\Types.h">
      <Filter>Header Files</Filter>
    </ClInclude>
    <ClInclude Include="include\RandomUtility.h">
      <Filter>Header Files</Filter>
    </ClInclude>
    <ClInclude Include="include\ScenarioManager.h">
      <Filter>Header Files\Scenario</Filter>
    </ClInclude>
    <ClInclude Include="include\LogWindow.h">
      <Filter>Header Files\IMGUI\Windows</Filter>
    </ClInclude>
    <ClInclude Include="include\IMGUIWindow.h">
      <Filter>Header Files\IMGUI\Windows</Filter>
    </ClInclude>
    <ClInclude Include="include\PerformanceCounterWindow.h">
      <Filter>Header Files\IMGUI\Windows</Filter>
    </ClInclude>
    <ClInclude Include="include\Timer.h">
      <Filter>Header Files\Time</Filter>
    </ClInclude>
    <ClInclude Include="include\GlobalTime.h">
      <Filter>Header Files\Time</Filter>
    </ClInclude>
    <ClInclude Include="include\ScenarioWindow.h">
      <Filter>Header Files\IMGUI\Windows</Filter>
    </ClInclude>
    <ClInclude Include="include\Delegate.h">
      <Filter>Header Files</Filter>
    </ClInclude>
    <ClInclude Include="include\Event.h">
      <Filter>Header Files</Filter>
    </ClInclude>
    <ClInclude Include="include\ResourceLoadingScenario.h">
      <Filter>Header Files\Scenario\Scenarios</Filter>
    </ClInclude>
    <ClInclude Include="include\ParticleSystemScenario.h">
      <Filter>Header Files\Scenario\Scenarios</Filter>
    </ClInclude>
    <ClInclude Include="include\MemoryManager.h">
      <Filter>Header Files\Memory</Filter>
    </ClInclude>
    <ClInclude Include="include\MemSys.h">
      <Filter>Header Files\Memory</Filter>
    </ClInclude>
    <ClInclude Include="include\Platform.h">
      <Filter>Header Files</Filter>
    </ClInclude>
    <ClInclude Include="include\Heap.h">
      <Filter>Header Files\Memory\Allocators</Filter>
    </ClInclude>
    <ClInclude Include="include\PointerMath.h">
      <Filter>Header Files\Memory</Filter>
    </ClInclude>
    <ClInclude Include="include\PerformanceCounter.h">
      <Filter>Header Files\Performance</Filter>
    </ClInclude>
    <ClInclude Include="include\VertexDataProcessingScenario.h">
      <Filter>Header Files\Scenario\Scenarios</Filter>
    </ClInclude>
    <ClInclude Include="include\StackAllocator.h">
      <Filter>Header Files\Memory\Allocators</Filter>
    </ClInclude>
    <ClInclude Include="include\PoolAllocator.h">
      <Filter>Header Files\Memory\Allocators</Filter>
    </ClInclude>
    <ClInclude Include="include\LinearAllocator.h">
      <Filter>Header Files\Memory\Allocators</Filter>
    </ClInclude>
    <ClInclude Include="include\Profiler.h">
      <Filter>Header Files\Debug</Filter>
    </ClInclude>
    <ClInclude Include="include\ProfilerWindow.h">
      <Filter>Header Files\IMGUI\Windows</Filter>
    </ClInclude>
  </ItemGroup>
  <ItemGroup>
    <ResourceCompile Include="Memory.rc">
      <Filter>Resource Files</Filter>
    </ResourceCompile>
  </ItemGroup>
  <ItemGroup>
    <Image Include="res\directx.ico">
      <Filter>Resource Files</Filter>
    </Image>
  </ItemGroup>
  <ItemGroup>
    <None Include="include\DXTrace.inl">
      <Filter>DXErr</Filter>
    </None>
    <None Include="include\DXGetErrorString.inl">
      <Filter>DXErr</Filter>
    </None>
    <None Include="include\DXGetErrorDescription.inl">
      <Filter>DXErr</Filter>
    </None>
  </ItemGroup>
  <ItemGroup>
    <FxCompile Include="res\shaders\VertexShader.hlsl">
      <Filter>Shaders</Filter>
    </FxCompile>
    <FxCompile Include="res\shaders\PixelShader.hlsl">
      <Filter>Shaders</Filter>
    </FxCompile>
  </ItemGroup>
</Project>